
Microsoft Visual Studio Solution File, Format Version 12.00
# Visual Studio Version 17
VisualStudioVersion = 17.9.34622.214
MinimumVisualStudioVersion = 10.0.40219.1
Project("{FAE04EC0-301F-11D3-BF4B-00C04F79EFBC}") = "Room_App", "Room_App\Room_App.csproj", "{26C79DD4-D291-4D54-A644-AC3B6E8D43FB}"
EndProject
Global
	GlobalSection(SolutionConfigurationPlatforms) = preSolution
		Debug|Any CPU = Debug|Any CPU
		Release|Any CPU = Release|Any CPU
	EndGlobalSection
	GlobalSection(ProjectConfigurationPlatforms) = postSolution
		{26C79DD4-D291-4D54-A644-AC3B6E8D43FB}.Debug|Any CPU.ActiveCfg = Debug|Any CPU
		{26C79DD4-D291-4D54-A644-AC3B6E8D43FB}.Debug|Any CPU.Build.0 = Debug|Any CPU
		{26C79DD4-D291-4D54-A644-AC3B6E8D43FB}.Release|Any CPU.ActiveCfg = Release|Any CPU
		{26C79DD4-D291-4D54-A644-AC3B6E8D43FB}.Release|Any CPU.Build.0 = Release|Any CPU
	EndGlobalSection
	GlobalSection(SolutionProperties) = preSolution
		HideSolutionNode = FALSE
	EndGlobalSection
	GlobalSection(ExtensibilityGlobals) = postSolution
		SolutionGuid = {4156DE70-8B09-439A-860C-E6C151C3AB4C}
	EndGlobalSection
EndGlobal
